
Microsoft Visual Studio Solution File, Format Version 12.00
# Visual Studio Version 17
VisualStudioVersion = 17.0.32802.463
MinimumVisualStudioVersion = 10.0.40219.1
Project("{FAE04EC0-301F-11D3-BF4B-00C04F79EFBC}") = "Hyperoperation calculator", "Hyperoperation calculator\Hyperoperation calculator.csproj", "{32B69972-C285-4DEF-9663-367AC392E9D6}"
EndProject
Global
	GlobalSection(SolutionConfigurationPlatforms) = preSolution
		Debug|Any CPU = Debug|Any CPU
		Release|Any CPU = Release|Any CPU
	EndGlobalSection
	GlobalSection(ProjectConfigurationPlatforms) = postSolution
		{32B69972-C285-4DEF-9663-367AC392E9D6}.Debug|Any CPU.ActiveCfg = Debug|Any CPU
		{32B69972-C285-4DEF-9663-367AC392E9D6}.Debug|Any CPU.Build.0 = Debug|Any CPU
		{32B69972-C285-4DEF-9663-367AC392E9D6}.Release|Any CPU.ActiveCfg = Release|Any CPU
		{32B69972-C285-4DEF-9663-367AC392E9D6}.Release|Any CPU.Build.0 = Release|Any CPU
	EndGlobalSection
	GlobalSection(SolutionProperties) = preSolution
		HideSolutionNode = FALSE
	EndGlobalSection
	GlobalSection(ExtensibilityGlobals) = postSolution
		SolutionGuid = {7540AB1B-2CFC-4B01-A5B0-F87BA4F994E8}
	EndGlobalSection
EndGlobal
